{
  "name": "tfidf-python",
  "lockfileVersion": 2,
  "requires": true,
  "packages": {
    "": {
      "dependencies": {
        "nltk": "^0.0.1"
      }
    },
    "node_modules/nltk": {
      "version": "0.0.1",
      "resolved": "https://registry.npmjs.org/nltk/-/nltk-0.0.1.tgz",
      "integrity": "sha1-/khvMMn7u45DQ4fL2tdL8cxpTXI="
    }
  },
  "dependencies": {
    "nltk": {
      "version": "0.0.1",
      "resolved": "https://registry.npmjs.org/nltk/-/nltk-0.0.1.tgz",
      "integrity": "sha1-/khvMMn7u45DQ4fL2tdL8cxpTXI="
    }
  }
}
